// !$*UTF8*$!
{
	archiveVersion = 1;
	classes = {
	};
	objectVersion = 46;
	objects = {

/* Begin PBXBuildFile section */
		430CD31A1D9DE65800B3D98C /* AppDelegate.swift in Sources */ = {isa = PBXBuildFile; fileRef = 430CD3191D9DE65800B3D98C /* AppDelegate.swift */; };
		430CD3211D9DE65800B3D98C /* Main.storyboard in Resources */ = {isa = PBXBuildFile; fileRef = 430CD31F1D9DE65800B3D98C /* Main.storyboard */; };
		430CD3231D9DE65800B3D98C /* Assets.xcassets in Resources */ = {isa = PBXBuildFile; fileRef = 430CD3221D9DE65800B3D98C /* Assets.xcassets */; };
		430CD3261D9DE65800B3D98C /* LaunchScreen.storyboard in Resources */ = {isa = PBXBuildFile; fileRef = 430CD3241D9DE65800B3D98C /* LaunchScreen.storyboard */; };
		43D1D3091D9F51E800190B67 /* AddTaskTableViewController.swift in Sources */ = {isa = PBXBuildFile; fileRef = 43D1D3081D9F51E800190B67 /* AddTaskTableViewController.swift */; };
		43D1D30B1D9F521C00190B67 /* SettingsTableViewController.swift in Sources */ = {isa = PBXBuildFile; fileRef = 43D1D30A1D9F521C00190B67 /* SettingsTableViewController.swift */; };
		43D1D30D1D9F525000190B67 /* TaskManager.swift in Sources */ = {isa = PBXBuildFile; fileRef = 43D1D30C1D9F525000190B67 /* TaskManager.swift */; };
		43D1D30F1D9F526400190B67 /* PersistenceHelper.swift in Sources */ = {isa = PBXBuildFile; fileRef = 43D1D30E1D9F526400190B67 /* PersistenceHelper.swift */; };
		43D1D3131D9F528400190B67 /* TaskModel.xcdatamodeld in Sources */ = {isa = PBXBuildFile; fileRef = 43D1D3111D9F528400190B67 /* TaskModel.xcdatamodeld */; };
		43E634FD1D9F49050082FB06 /* TasksViewController.swift in Sources */ = {isa = PBXBuildFile; fileRef = 43E634FC1D9F49050082FB06 /* TasksViewController.swift */; };
		43E635001D9F49240082FB06 /* WhiteTaskTableViewCell.swift in Sources */ = {isa = PBXBuildFile; fileRef = 43E634FE1D9F49240082FB06 /* WhiteTaskTableViewCell.swift */; };
		43E635011D9F49240082FB06 /* WhiteTaskTableViewCell.xib in Resources */ = {isa = PBXBuildFile; fileRef = 43E634FF1D9F49240082FB06 /* WhiteTaskTableViewCell.xib */; };
		43E635061D9F49590082FB06 /* BlackTaskTableViewCell.swift in Sources */ = {isa = PBXBuildFile; fileRef = 43E635041D9F49590082FB06 /* BlackTaskTableViewCell.swift */; };
		43E635071D9F49590082FB06 /* BlackTaskTableViewCell.xib in Resources */ = {isa = PBXBuildFile; fileRef = 43E635051D9F49590082FB06 /* BlackTaskTableViewCell.xib */; };
/* End PBXBuildFile section */

/* Begin PBXFileReference section */
		430CD3161D9DE65800B3D98C /* Douglas.app */ = {isa = PBXFileReference; explicitFileType = wrapper.application; includeInIndex = 0; path = Douglas.app; sourceTree = BUILT_PRODUCTS_DIR; };
		430CD3191D9DE65800B3D98C /* AppDelegate.swift */ = {isa = PBXFileReference; lastKnownFileType = sourcecode.swift; path = AppDelegate.swift; sourceTree = "<group>"; };
		430CD3201D9DE65800B3D98C /* Base */ = {isa = PBXFileReference; lastKnownFileType = file.storyboard; name = Base; path = Base.lproj/Main.storyboard; sourceTree = "<group>"; };
		430CD3221D9DE65800B3D98C /* Assets.xcassets */ = {isa = PBXFileReference; lastKnownFileType = folder.assetcatalog; path = Assets.xcassets; sourceTree = "<group>"; };
		430CD3251D9DE65800B3D98C /* Base */ = {isa = PBXFileReference; lastKnownFileType = file.storyboard; name = Base; path = Base.lproj/LaunchScreen.storyboard; sourceTree = "<group>"; };
		430CD3271D9DE65800B3D98C /* Info.plist */ = {isa = PBXFileReference; lastKnownFileType = text.plist.xml; path = Info.plist; sourceTree = "<group>"; };
		4315FEB11DA06E9D003D5330 /* Douglas.entitlements */ = {isa = PBXFileReference; lastKnownFileType = text.plist.entitlements; path = Douglas.entitlements; sourceTree = "<group>"; };
		43D1D3081D9F51E800190B67 /* AddTaskTableViewController.swift */ = {isa = PBXFileReference; fileEncoding = 4; lastKnownFileType = sourcecode.swift; path = AddTaskTableViewController.swift; sourceTree = "<group>"; };
		43D1D30A1D9F521C00190B67 /* SettingsTableViewController.swift */ = {isa = PBXFileReference; fileEncoding = 4; lastKnownFileType = sourcecode.swift; path = SettingsTableViewController.swift; sourceTree = "<group>"; };
		43D1D30C1D9F525000190B67 /* TaskManager.swift */ = {isa = PBXFileReference; fileEncoding = 4; lastKnownFileType = sourcecode.swift; path = TaskManager.swift; sourceTree = "<group>"; };
		43D1D30E1D9F526400190B67 /* PersistenceHelper.swift */ = {isa = PBXFileReference; fileEncoding = 4; lastKnownFileType = sourcecode.swift; path = PersistenceHelper.swift; sourceTree = "<group>"; };
		43D1D3121D9F528400190B67 /* TaskModel.xcdatamodel */ = {isa = PBXFileReference; lastKnownFileType = wrapper.xcdatamodel; path = TaskModel.xcdatamodel; sourceTree = "<group>"; };
		43E634FC1D9F49050082FB06 /* TasksViewController.swift */ = {isa = PBXFileReference; fileEncoding = 4; lastKnownFileType = sourcecode.swift; name = TasksViewController.swift; path = ../TasksViewController.swift; sourceTree = "<group>"; };
		43E634FE1D9F49240082FB06 /* WhiteTaskTableViewCell.swift */ = {isa = PBXFileReference; fileEncoding = 4; lastKnownFileType = sourcecode.swift; path = WhiteTaskTableViewCell.swift; sourceTree = "<group>"; };
		43E634FF1D9F49240082FB06 /* WhiteTaskTableViewCell.xib */ = {isa = PBXFileReference; fileEncoding = 4; lastKnownFileType = file.xib; path = WhiteTaskTableViewCell.xib; sourceTree = "<group>"; };
		43E635041D9F49590082FB06 /* BlackTaskTableViewCell.swift */ = {isa = PBXFileReference; fileEncoding = 4; lastKnownFileType = sourcecode.swift; path = BlackTaskTableViewCell.swift; sourceTree = "<group>"; };
		43E635051D9F49590082FB06 /* BlackTaskTableViewCell.xib */ = {isa = PBXFileReference; fileEncoding = 4; lastKnownFileType = file.xib; path = BlackTaskTableViewCell.xib; sourceTree = "<group>"; };
/* End PBXFileReference section */

/* Begin PBXFrameworksBuildPhase section */
		430CD3131D9DE65800B3D98C /* Frameworks */ = {
			isa = PBXFrameworksBuildPhase;
			buildActionMask = 2147483647;
			files = (
			);
			runOnlyForDeploymentPostprocessing = 0;
		};
/* End PBXFrameworksBuildPhase section */

/* Begin PBXGroup section */
		430CD30D1D9DE65800B3D98C = {
			isa = PBXGroup;
			children = (
				430CD3181D9DE65800B3D98C /* Douglas */,
				430CD3171D9DE65800B3D98C /* Products */,
			);
			sourceTree = "<group>";
		};
		430CD3171D9DE65800B3D98C /* Products */ = {
			isa = PBXGroup;
			children = (
				430CD3161D9DE65800B3D98C /* Douglas.app */,
			);
			name = Products;
			sourceTree = "<group>";
		};
		430CD3181D9DE65800B3D98C /* Douglas */ = {
			isa = PBXGroup;
			children = (
				4315FEB11DA06E9D003D5330 /* Douglas.entitlements */,
				430CD3191D9DE65800B3D98C /* AppDelegate.swift */,
				43E634FC1D9F49050082FB06 /* TasksViewController.swift */,
				43D1D3081D9F51E800190B67 /* AddTaskTableViewController.swift */,
				43D1D30A1D9F521C00190B67 /* SettingsTableViewController.swift */,
				430CD31F1D9DE65800B3D98C /* Main.storyboard */,
				43E635021D9F49280082FB06 /* Custom TableViewCells */,
				43D1D3101D9F526A00190B67 /* CoreData */,
				430CD3221D9DE65800B3D98C /* Assets.xcassets */,
				430CD3241D9DE65800B3D98C /* LaunchScreen.storyboard */,
				430CD3271D9DE65800B3D98C /* Info.plist */,
			);
			path = Douglas;
			sourceTree = "<group>";
		};
		43D1D3101D9F526A00190B67 /* CoreData */ = {
			isa = PBXGroup;
			children = (
				43D1D30C1D9F525000190B67 /* TaskManager.swift */,
				43D1D30E1D9F526400190B67 /* PersistenceHelper.swift */,
				43D1D3111D9F528400190B67 /* TaskModel.xcdatamodeld */,
			);
			name = CoreData;
			sourceTree = "<group>";
		};
		43E635021D9F49280082FB06 /* Custom TableViewCells */ = {
			isa = PBXGroup;
			children = (
				43E635031D9F49430082FB06 /* White */,
				43E635081D9F49630082FB06 /* Black */,
			);
			name = "Custom TableViewCells";
			path = ..;
			sourceTree = "<group>";
		};
		43E635031D9F49430082FB06 /* White */ = {
			isa = PBXGroup;
			children = (
				43E634FE1D9F49240082FB06 /* WhiteTaskTableViewCell.swift */,
				43E634FF1D9F49240082FB06 /* WhiteTaskTableViewCell.xib */,
			);
			name = White;
			sourceTree = "<group>";
		};
		43E635081D9F49630082FB06 /* Black */ = {
			isa = PBXGroup;
			children = (
				43E635041D9F49590082FB06 /* BlackTaskTableViewCell.swift */,
				43E635051D9F49590082FB06 /* BlackTaskTableViewCell.xib */,
			);
			name = Black;
			sourceTree = "<group>";
		};
/* End PBXGroup section */

/* Begin PBXNativeTarget section */
		430CD3151D9DE65800B3D98C /* Douglas */ = {
			isa = PBXNativeTarget;
			buildConfigurationList = 430CD32A1D9DE65800B3D98C /* Build configuration list for PBXNativeTarget "Douglas" */;
			buildPhases = (
				430CD3121D9DE65800B3D98C /* Sources */,
				430CD3131D9DE65800B3D98C /* Frameworks */,
				430CD3141D9DE65800B3D98C /* Resources */,
			);
			buildRules = (
			);
			dependencies = (
			);
			name = Douglas;
			productName = Douglas;
			productReference = 430CD3161D9DE65800B3D98C /* Douglas.app */;
			productType = "com.apple.product-type.application";
		};
/* End PBXNativeTarget section */

/* Begin PBXProject section */
		430CD30E1D9DE65800B3D98C /* Project object */ = {
			isa = PBXProject;
			attributes = {
				LastSwiftUpdateCheck = 0800;
				LastUpgradeCheck = 0800;
				ORGANIZATIONNAME = "Nathanael Grant";
				TargetAttributes = {
					430CD3151D9DE65800B3D98C = {
						CreatedOnToolsVersion = 8.0;
						DevelopmentTeam = 333JD3XATC;
						LastSwiftMigration = 0800;
						ProvisioningStyle = Automatic;
						SystemCapabilities = {
							com.apple.Siri = {
								enabled = 1;
							};
						};
					};
				};
			};
			buildConfigurationList = 430CD3111D9DE65800B3D98C /* Build configuration list for PBXProject "Douglas" */;
			compatibilityVersion = "Xcode 3.2";
			developmentRegion = English;
			hasScannedForEncodings = 0;
			knownRegions = (
				en,
				Base,
			);
			mainGroup = 430CD30D1D9DE65800B3D98C;
			productRefGroup = 430CD3171D9DE65800B3D98C /* Products */;
			projectDirPath = "";
			projectRoot = "";
			targets = (
				430CD3151D9DE65800B3D98C /* Douglas */,
			);
		};
/* End PBXProject section */

/* Begin PBXResourcesBuildPhase section */
		430CD3141D9DE65800B3D98C /* Resources */ = {
			isa = PBXResourcesBuildPhase;
			buildActionMask = 2147483647;
			files = (
				43E635071D9F49590082FB06 /* BlackTaskTableViewCell.xib in Resources */,
				430CD3261D9DE65800B3D98C /* LaunchScreen.storyboard in Resources */,
				430CD3231D9DE65800B3D98C /* Assets.xcassets in Resources */,
				43E635011D9F49240082FB06 /* WhiteTaskTableViewCell.xib in Resources */,
				430CD3211D9DE65800B3D98C /* Main.storyboard in Resources */,
			);
			runOnlyForDeploymentPostprocessing = 0;
		};
/* End PBXResourcesBuildPhase section */

/* Begin PBXSourcesBuildPhase section */
		430CD3121D9DE65800B3D98C /* Sources */ = {
			isa = PBXSourcesBuildPhase;
			buildActionMask = 2147483647;
			files = (
				43D1D30D1D9F525000190B67 /* TaskManager.swift in Sources */,
				430CD31A1D9DE65800B3D98C /* AppDelegate.swift in Sources */,
				43D1D30F1D9F526400190B67 /* PersistenceHelper.swift in Sources */,
				43E634FD1D9F49050082FB06 /* TasksViewController.swift in Sources */,
				43D1D3131D9F528400190B67 /* TaskModel.xcdatamodeld in Sources */,
				43D1D3091D9F51E800190B67 /* AddTaskTableViewController.swift in Sources */,
				43D1D30B1D9F521C00190B67 /* SettingsTableViewController.swift in Sources */,
				43E635061D9F49590082FB06 /* BlackTaskTableViewCell.swift in Sources */,
				43E635001D9F49240082FB06 /* WhiteTaskTableViewCell.swift in Sources */,
			);
			runOnlyForDeploymentPostprocessing = 0;
		};
/* End PBXSourcesBuildPhase section */

/* Begin PBXVariantGroup section */
		430CD31F1D9DE65800B3D98C /* Main.storyboard */ = {
			isa = PBXVariantGroup;
			children = (
				430CD3201D9DE65800B3D98C /* Base */,
			);
			name = Main.storyboard;
			sourceTree = "<group>";
		};
		430CD3241D9DE65800B3D98C /* LaunchScreen.storyboard */ = {
			isa = PBXVariantGroup;
			children = (
				430CD3251D9DE65800B3D98C /* Base */,
			);
			name = LaunchScreen.storyboard;
			sourceTree = "<group>";
		};
/* End PBXVariantGroup section */

/* Begin XCBuildConfiguration section */
		430CD3281D9DE65800B3D98C /* Debug */ = {
			isa = XCBuildConfiguration;
			buildSettings = {
				ALWAYS_SEARCH_USER_PATHS = NO;
				CLANG_ANALYZER_NONNULL = YES;
				CLANG_CXX_LANGUAGE_STANDARD = "gnu++0x";
				CLANG_CXX_LIBRARY = "libc++";
				CLANG_ENABLE_MODULES = YES;
				CLANG_ENABLE_OBJC_ARC = YES;
				CLANG_WARN_BOOL_CONVERSION = YES;
				CLANG_WARN_CONSTANT_CONVERSION = YES;
				CLANG_WARN_DIRECT_OBJC_ISA_USAGE = YES_ERROR;
				CLANG_WARN_DOCUMENTATION_COMMENTS = YES;
				CLANG_WARN_EMPTY_BODY = YES;
				CLANG_WARN_ENUM_CONVERSION = YES;
				CLANG_WARN_INFINITE_RECURSION = YES;
				CLANG_WARN_INT_CONVERSION = YES;
				CLANG_WARN_OBJC_ROOT_CLASS = YES_ERROR;
				CLANG_WARN_SUSPICIOUS_MOVES = YES;
				CLANG_WARN_UNREACHABLE_CODE = YES;
				CLANG_WARN__DUPLICATE_METHOD_MATCH = YES;
				"CODE_SIGN_IDENTITY[sdk=iphoneos*]" = "iPhone Developer";
				COPY_PHASE_STRIP = NO;
				DEBUG_INFORMATION_FORMAT = dwarf;
				ENABLE_STRICT_OBJC_MSGSEND = YES;
				ENABLE_TESTABILITY = YES;
				GCC_C_LANGUAGE_STANDARD = gnu99;
				GCC_DYNAMIC_NO_PIC = NO;
				GCC_NO_COMMON_BLOCKS = YES;
				GCC_OPTIMIZATION_LEVEL = 0;
				GCC_PREPROCESSOR_DEFINITIONS = (
					"DEBUG=1",
					"$(inherited)",
				);
				GCC_WARN_64_TO_32_BIT_CONVERSION = YES;
				GCC_WARN_ABOUT_RETURN_TYPE = YES_ERROR;
				GCC_WARN_UNDECLARED_SELECTOR = YES;
				GCC_WARN_UNINITIALIZED_AUTOS = YES_AGGRESSIVE;
				GCC_WARN_UNUSED_FUNCTION = YES;
				GCC_WARN_UNUSED_VARIABLE = YES;
				IPHONEOS_DEPLOYMENT_TARGET = 10.0;
				MTL_ENABLE_DEBUG_INFO = YES;
				ONLY_ACTIVE_ARCH = YES;
				SDKROOT = iphoneos;
				SWIFT_ACTIVE_COMPILATION_CONDITIONS = DEBUG;
				SWIFT_OPTIMIZATION_LEVEL = "-Onone";
			};
			name = Debug;
		};
		430CD3291D9DE65800B3D98C /* Release */ = {
			isa = XCBuildConfiguration;
			buildSettings = {
				ALWAYS_SEARCH_USER_PATHS = NO;
				CLANG_ANALYZER_NONNULL = YES;
				CLANG_CXX_LANGUAGE_STANDARD = "gnu++0x";
				CLANG_CXX_LIBRARY = "libc++";
				CLANG_ENABLE_MODULES = YES;
				CLANG_ENABLE_OBJC_ARC = YES;
				CLANG_WARN_BOOL_CONVERSION = YES;
				CLANG_WARN_CONSTANT_CONVERSION = YES;
				CLANG_WARN_DIRECT_OBJC_ISA_USAGE = YES_ERROR;
				CLANG_WARN_DOCUMENTATION_COMMENTS = YES;
				CLANG_WARN_EMPTY_BODY = YES;
				CLANG_WARN_ENUM_CONVERSION = YES;
				CLANG_WARN_INFINITE_RECURSION = YES;
				CLANG_WARN_INT_CONVERSION = YES;
				CLANG_WARN_OBJC_ROOT_CLASS = YES_ERROR;
				CLANG_WARN_SUSPICIOUS_MOVES = YES;
				CLANG_WARN_UNREACHABLE_CODE = YES;
				CLANG_WARN__DUPLICATE_METHOD_MATCH = YES;
				"CODE_SIGN_IDENTITY[sdk=iphoneos*]" = "iPhone Developer";
				COPY_PHASE_STRIP = NO;
				DEBUG_INFORMATION_FORMAT = "dwarf-with-dsym";
				ENABLE_NS_ASSERTIONS = NO;
				ENABLE_STRICT_OBJC_MSGSEND = YES;
				GCC_C_LANGUAGE_STANDARD = gnu99;
				GCC_NO_COMMON_BLOCKS = YES;
				GCC_WARN_64_TO_32_BIT_CONVERSION = YES;
				GCC_WARN_ABOUT_RETURN_TYPE = YES_ERROR;
				GCC_WARN_UNDECLARED_SELECTOR = YES;
				GCC_WARN_UNINITIALIZED_AUTOS = YES_AGGRESSIVE;
				GCC_WARN_UNUSED_FUNCTION = YES;
				GCC_WARN_UNUSED_VARIABLE = YES;
				IPHONEOS_DEPLOYMENT_TARGET = 10.0;
				MTL_ENABLE_DEBUG_INFO = NO;
				SDKROOT = iphoneos;
				SWIFT_OPTIMIZATION_LEVEL = "-Owholemodule";
				VALIDATE_PRODUCT = YES;
			};
			name = Release;
		};
		430CD32B1D9DE65800B3D98C /* Debug */ = {
			isa = XCBuildConfiguration;
			buildSettings = {
				ASSETCATALOG_COMPILER_APPICON_NAME = AppIcon;
				CODE_SIGN_ENTITLEMENTS = Douglas/Douglas.entitlements;
				DEVELOPMENT_TEAM = 333JD3XATC;
				INFOPLIST_FILE = Douglas/Info.plist;
				LD_RUNPATH_SEARCH_PATHS = "$(inherited) @executable_path/Frameworks";
				PRODUCT_BUNDLE_IDENTIFIER = nategrant.Douglas;
				PRODUCT_NAME = "$(TARGET_NAME)";
				SWIFT_VERSION = 3.0;
			};
			name = Debug;
		};
		430CD32C1D9DE65800B3D98C /* Release */ = {
			isa = XCBuildConfiguration;
			buildSettings = {
				ASSETCATALOG_COMPILER_APPICON_NAME = AppIcon;
				CODE_SIGN_ENTITLEMENTS = Douglas/Douglas.entitlements;
				DEVELOPMENT_TEAM = 333JD3XATC;
				INFOPLIST_FILE = Douglas/Info.plist;
				LD_RUNPATH_SEARCH_PATHS = "$(inherited) @executable_path/Frameworks";
				PRODUCT_BUNDLE_IDENTIFIER = nategrant.Douglas;
				PRODUCT_NAME = "$(TARGET_NAME)";
				SWIFT_VERSION = 3.0;
			};
			name = Release;
		};
/* End XCBuildConfiguration section */

/* Begin XCConfigurationList section */
		430CD3111D9DE65800B3D98C /* Build configuration list for PBXProject "Douglas" */ = {
			isa = XCConfigurationList;
			buildConfigurations = (
				430CD3281D9DE65800B3D98C /* Debug */,
				430CD3291D9DE65800B3D98C /* Release */,
			);
			defaultConfigurationIsVisible = 0;
			defaultConfigurationName = Release;
		};
		430CD32A1D9DE65800B3D98C /* Build configuration list for PBXNativeTarget "Douglas" */ = {
			isa = XCConfigurationList;
			buildConfigurations = (
				430CD32B1D9DE65800B3D98C /* Debug */,
				430CD32C1D9DE65800B3D98C /* Release */,
			);
			defaultConfigurationIsVisible = 0;
			defaultConfigurationName = Release;
		};
/* End XCConfigurationList section */

/* Begin XCVersionGroup section */
		43D1D3111D9F528400190B67 /* TaskModel.xcdatamodeld */ = {
			isa = XCVersionGroup;
			children = (
				43D1D3121D9F528400190B67 /* TaskModel.xcdatamodel */,
			);
			currentVersion = 43D1D3121D9F528400190B67 /* TaskModel.xcdatamodel */;
			path = TaskModel.xcdatamodeld;
			sourceTree = "<group>";
			versionGroupType = wrapper.xcdatamodel;
		};
/* End XCVersionGroup section */
	};
	rootObject = 430CD30E1D9DE65800B3D98C /* Project object */;
}
